
Microsoft Visual Studio Solution File, Format Version 12.00
# Visual Studio 2012
Project("{2150E333-8FDC-42A3-9474-1A3956D46DE8}") = "RobotPackage", "RobotPackage", "{AF254347-6C6D-4B84-89CF-1D95A6D1A864}"
EndProject
Project("{2150E333-8FDC-42A3-9474-1A3956D46DE8}") = "Testing", "Testing", "{E59B32B4-7AC8-4599-99BD-F913C725BB6D}"
EndProject
Project("{FAE04EC0-301F-11D3-BF4B-00C04F79EFBC}") = "Utility.UnitTest", "Utility.UnitTest\Utility.UnitTest.csproj", "{D7DBCEC1-75DF-436C-A64F-6C66D2DA7C2F}"
EndProject
Project("{FAE04EC0-301F-11D3-BF4B-00C04F79EFBC}") = "SocketsServerTestApp", "SocketsServerTestApp\SocketsServerTestApp.csproj", "{855287B8-F269-40D6-AF63-DD15BC8DBCC3}"
EndProject
Project("{FAE04EC0-301F-11D3-BF4B-00C04F79EFBC}") = "SocketsClientTestApp", "SocketsClientTestApp\SocketsClientTestApp.csproj", "{501A71A7-6C2D-4E67-B62D-19C14D4D3FA0}"
EndProject
Project("{FAE04EC0-301F-11D3-BF4B-00C04F79EFBC}") = "WorldProcessing", "WorldProcessing\WorldProcessing.csproj", "{2BC47A15-5285-4DC3-8B14-1DBC6EA0F4B9}"
EndProject
Project("{FAE04EC0-301F-11D3-BF4B-00C04F79EFBC}") = "NavMeshExperiment", "NavMeshExperiment\NavMeshExperiment.csproj", "{5856C2D8-D0D1-4283-963A-2E8E37BCB8DF}"
EndProject
Global
	GlobalSection(SolutionConfigurationPlatforms) = preSolution
		Debug|Any CPU = Debug|Any CPU
		Release|Any CPU = Release|Any CPU
	EndGlobalSection
	GlobalSection(ProjectConfigurationPlatforms) = postSolution
		{D7DBCEC1-75DF-436C-A64F-6C66D2DA7C2F}.Debug|Any CPU.ActiveCfg = Debug|Any CPU
		{D7DBCEC1-75DF-436C-A64F-6C66D2DA7C2F}.Debug|Any CPU.Build.0 = Debug|Any CPU
		{D7DBCEC1-75DF-436C-A64F-6C66D2DA7C2F}.Release|Any CPU.ActiveCfg = Release|Any CPU
		{D7DBCEC1-75DF-436C-A64F-6C66D2DA7C2F}.Release|Any CPU.Build.0 = Release|Any CPU
		{855287B8-F269-40D6-AF63-DD15BC8DBCC3}.Debug|Any CPU.ActiveCfg = Debug|Any CPU
		{855287B8-F269-40D6-AF63-DD15BC8DBCC3}.Debug|Any CPU.Build.0 = Debug|Any CPU
		{855287B8-F269-40D6-AF63-DD15BC8DBCC3}.Release|Any CPU.ActiveCfg = Release|Any CPU
		{855287B8-F269-40D6-AF63-DD15BC8DBCC3}.Release|Any CPU.Build.0 = Release|Any CPU
		{501A71A7-6C2D-4E67-B62D-19C14D4D3FA0}.Debug|Any CPU.ActiveCfg = Debug|Any CPU
		{501A71A7-6C2D-4E67-B62D-19C14D4D3FA0}.Debug|Any CPU.Build.0 = Debug|Any CPU
		{501A71A7-6C2D-4E67-B62D-19C14D4D3FA0}.Release|Any CPU.ActiveCfg = Release|Any CPU
		{501A71A7-6C2D-4E67-B62D-19C14D4D3FA0}.Release|Any CPU.Build.0 = Release|Any CPU
		{2BC47A15-5285-4DC3-8B14-1DBC6EA0F4B9}.Debug|Any CPU.ActiveCfg = Debug|Any CPU
		{2BC47A15-5285-4DC3-8B14-1DBC6EA0F4B9}.Debug|Any CPU.Build.0 = Debug|Any CPU
		{2BC47A15-5285-4DC3-8B14-1DBC6EA0F4B9}.Release|Any CPU.ActiveCfg = Release|Any CPU
		{2BC47A15-5285-4DC3-8B14-1DBC6EA0F4B9}.Release|Any CPU.Build.0 = Release|Any CPU
		{5856C2D8-D0D1-4283-963A-2E8E37BCB8DF}.Debug|Any CPU.ActiveCfg = Debug|Any CPU
		{5856C2D8-D0D1-4283-963A-2E8E37BCB8DF}.Debug|Any CPU.Build.0 = Debug|Any CPU
		{5856C2D8-D0D1-4283-963A-2E8E37BCB8DF}.Release|Any CPU.ActiveCfg = Release|Any CPU
		{5856C2D8-D0D1-4283-963A-2E8E37BCB8DF}.Release|Any CPU.Build.0 = Release|Any CPU
	EndGlobalSection
	GlobalSection(SolutionProperties) = preSolution
		HideSolutionNode = FALSE
	EndGlobalSection
	GlobalSection(NestedProjects) = preSolution
		{D7DBCEC1-75DF-436C-A64F-6C66D2DA7C2F} = {E59B32B4-7AC8-4599-99BD-F913C725BB6D}
		{855287B8-F269-40D6-AF63-DD15BC8DBCC3} = {E59B32B4-7AC8-4599-99BD-F913C725BB6D}
		{501A71A7-6C2D-4E67-B62D-19C14D4D3FA0} = {E59B32B4-7AC8-4599-99BD-F913C725BB6D}
		{5856C2D8-D0D1-4283-963A-2E8E37BCB8DF} = {E59B32B4-7AC8-4599-99BD-F913C725BB6D}
	EndGlobalSection
	GlobalSection(Performance) = preSolution
		HasPerformanceSessions = true
	EndGlobalSection
EndGlobal
